
Microsoft Visual Studio Solution File, Format Version 12.00
# Visual Studio Version 17
VisualStudioVersion = 17.14.37411.7 d17.14
MinimumVisualStudioVersion = 10.0.40219.1
Project("{FAE04EC0-301F-11D3-BF4B-00C04F79EFBC}") = "PixelBot_V1_Self", "PixelBot_V1_Self.csproj", "{7A195CF0-1145-46E2-8754-E0EC3D7609E8}"
EndProject
Global
	GlobalSection(SolutionConfigurationPlatforms) = preSolution
		Debug|Any CPU = Debug|Any CPU
		Release|Any CPU = Release|Any CPU
	EndGlobalSection
	GlobalSection(ProjectConfigurationPlatforms) = postSolution
		{7A195CF0-1145-46E2-8754-E0EC3D7609E8}.Debug|Any CPU.ActiveCfg = Debug|Any CPU
		{7A195CF0-1145-46E2-8754-E0EC3D7609E8}.Debug|Any CPU.Build.0 = Debug|Any CPU
		{7A195CF0-1145-46E2-8754-E0EC3D7609E8}.Release|Any CPU.ActiveCfg = Release|Any CPU
		{7A195CF0-1145-46E2-8754-E0EC3D7609E8}.Release|Any CPU.Build.0 = Release|Any CPU
	EndGlobalSection
	GlobalSection(SolutionProperties) = preSolution
		HideSolutionNode = FALSE
	EndGlobalSection
	GlobalSection(ExtensibilityGlobals) = postSolution
		SolutionGuid = {7FD2F340-AA33-4CA6-8CFB-CCE2F8A022EF}
	EndGlobalSection
EndGlobal
